{
    "_meta": {
        "hash": {
            "sha256": "b917affad510dd4f6c9e97cadffd4cff0455781f37c7bfa2054618ca5ad3bcf4"
        },
        "pipfile-spec": 6,
        "requires": {
            "python_version": "3.9"
        },
        "sources": [
            {
                "name": "pypi",
                "url": "https://pypi.org/simple",
                "verify_ssl": true
            }
        ]
    },
    "default": {
        "pyttsx3": {
            "hashes": [
                "sha256:a585b6d8cffc19bd92db1e0ccbd8aa9c6528dd2baa5a47045d6fed542a44aa19"
            ],
            "index": "pypi",
            "version": "==2.90"
        },
        "speechrecognition": {
            "hashes": [
                "sha256:4d8f73a0c05ec70331c3bacaa89ecc06dfa8d9aba0899276664cda06ab597e8e"
            ],
            "index": "pypi",
            "version": "==3.8.1"
        }
    },
    "develop": {}
}
